// !$*UTF8*$!
{
	archiveVersion = 1;
	classes = {
	};
	objectVersion = 56;
	objects = {

/* Begin PBXBuildFile section */
		3634FEA22B29481B0098DBDF /* AppDelegate.swift in Sources */ = {isa = PBXBuildFile; fileRef = 3634FEA12B29481B0098DBDF /* AppDelegate.swift */; };
		3634FEAB2B29481C0098DBDF /* Assets.xcassets in Resources */ = {isa = PBXBuildFile; fileRef = 3634FEAA2B29481C0098DBDF /* Assets.xcassets */; };
		3634FEAE2B29481C0098DBDF /* LaunchScreen.storyboard in Resources */ = {isa = PBXBuildFile; fileRef = 3634FEAC2B29481C0098DBDF /* LaunchScreen.storyboard */; };
		3634FEB92B29481C0098DBDF /* MovieTrendingTests.swift in Sources */ = {isa = PBXBuildFile; fileRef = 3634FEB82B29481C0098DBDF /* MovieTrendingTests.swift */; };
		3634FEC32B29481C0098DBDF /* MovieTrendingUITests.swift in Sources */ = {isa = PBXBuildFile; fileRef = 3634FEC22B29481C0098DBDF /* MovieTrendingUITests.swift */; };
		3634FEC52B29481C0098DBDF /* MovieTrendingUITestsLaunchTests.swift in Sources */ = {isa = PBXBuildFile; fileRef = 3634FEC42B29481C0098DBDF /* MovieTrendingUITestsLaunchTests.swift */; };
		3634FED42B294BC00098DBDF /* MainViewController.swift in Sources */ = {isa = PBXBuildFile; fileRef = 3634FED22B294BC00098DBDF /* MainViewController.swift */; };
		3634FED52B294BC00098DBDF /* MainViewController.xib in Resources */ = {isa = PBXBuildFile; fileRef = 3634FED32B294BC00098DBDF /* MainViewController.xib */; };
		3634FEDF2B2955BE0098DBDF /* MainViewController+TableView.swift in Sources */ = {isa = PBXBuildFile; fileRef = 3634FEDE2B2955BE0098DBDF /* MainViewController+TableView.swift */; };
		3634FEE12B2956CC0098DBDF /* MainViewModel.swift in Sources */ = {isa = PBXBuildFile; fileRef = 3634FEE02B2956CC0098DBDF /* MainViewModel.swift */; };
		3634FEE32B2960A70098DBDF /* NetworkConstant.swift in Sources */ = {isa = PBXBuildFile; fileRef = 3634FEE22B2960A70098DBDF /* NetworkConstant.swift */; };
		3634FEE52B2963B20098DBDF /* APICaller.swift in Sources */ = {isa = PBXBuildFile; fileRef = 3634FEE42B2963B20098DBDF /* APICaller.swift */; };
		3634FEE72B2963EA0098DBDF /* TrendingMoviesModel.swift in Sources */ = {isa = PBXBuildFile; fileRef = 3634FEE62B2963EA0098DBDF /* TrendingMoviesModel.swift */; };
		3634FEE92B29831B0098DBDF /* Observable.swift in Sources */ = {isa = PBXBuildFile; fileRef = 3634FEE82B29831B0098DBDF /* Observable.swift */; };
		3634FEED2B298CF90098DBDF /* MainMovieCell.swift in Sources */ = {isa = PBXBuildFile; fileRef = 3634FEEB2B298CF90098DBDF /* MainMovieCell.swift */; };
		3634FEEE2B298CF90098DBDF /* MainMovieCell.xib in Resources */ = {isa = PBXBuildFile; fileRef = 3634FEEC2B298CF90098DBDF /* MainMovieCell.xib */; };
		3634FEF12B2991310098DBDF /* UIViewExtension.swift in Sources */ = {isa = PBXBuildFile; fileRef = 3634FEF02B2991310098DBDF /* UIViewExtension.swift */; };
		3634FEF32B29934E0098DBDF /* MovieTableCellViewModel.swift in Sources */ = {isa = PBXBuildFile; fileRef = 3634FEF22B29934E0098DBDF /* MovieTableCellViewModel.swift */; };
/* End PBXBuildFile section */

/* Begin PBXContainerItemProxy section */
		3634FEB52B29481C0098DBDF /* PBXContainerItemProxy */ = {
			isa = PBXContainerItemProxy;
			containerPortal = 3634FE962B29481B0098DBDF /* Project object */;
			proxyType = 1;
			remoteGlobalIDString = 3634FE9D2B29481B0098DBDF;
			remoteInfo = MovieTrending;
		};
		3634FEBF2B29481C0098DBDF /* PBXContainerItemProxy */ = {
			isa = PBXContainerItemProxy;
			containerPortal = 3634FE962B29481B0098DBDF /* Project object */;
			proxyType = 1;
			remoteGlobalIDString = 3634FE9D2B29481B0098DBDF;
			remoteInfo = MovieTrending;
		};
/* End PBXContainerItemProxy section */

/* Begin PBXFileReference section */
		3634FE9E2B29481B0098DBDF /* MovieTrending.app */ = {isa = PBXFileReference; explicitFileType = wrapper.application; includeInIndex = 0; path = MovieTrending.app; sourceTree = BUILT_PRODUCTS_DIR; };
		3634FEA12B29481B0098DBDF /* AppDelegate.swift */ = {isa = PBXFileReference; lastKnownFileType = sourcecode.swift; path = AppDelegate.swift; sourceTree = "<group>"; };
		3634FEAA2B29481C0098DBDF /* Assets.xcassets */ = {isa = PBXFileReference; lastKnownFileType = folder.assetcatalog; path = Assets.xcassets; sourceTree = "<group>"; };
		3634FEAD2B29481C0098DBDF /* Base */ = {isa = PBXFileReference; lastKnownFileType = file.storyboard; name = Base; path = Base.lproj/LaunchScreen.storyboard; sourceTree = "<group>"; };
		3634FEAF2B29481C0098DBDF /* Info.plist */ = {isa = PBXFileReference; lastKnownFileType = text.plist.xml; path = Info.plist; sourceTree = "<group>"; };
		3634FEB42B29481C0098DBDF /* MovieTrendingTests.xctest */ = {isa = PBXFileReference; explicitFileType = wrapper.cfbundle; includeInIndex = 0; path = MovieTrendingTests.xctest; sourceTree = BUILT_PRODUCTS_DIR; };
		3634FEB82B29481C0098DBDF /* MovieTrendingTests.swift */ = {isa = PBXFileReference; lastKnownFileType = sourcecode.swift; path = MovieTrendingTests.swift; sourceTree = "<group>"; };
		3634FEBE2B29481C0098DBDF /* MovieTrendingUITests.xctest */ = {isa = PBXFileReference; explicitFileType = wrapper.cfbundle; includeInIndex = 0; path = MovieTrendingUITests.xctest; sourceTree = BUILT_PRODUCTS_DIR; };
		3634FEC22B29481C0098DBDF /* MovieTrendingUITests.swift */ = {isa = PBXFileReference; lastKnownFileType = sourcecode.swift; path = MovieTrendingUITests.swift; sourceTree = "<group>"; };
		3634FEC42B29481C0098DBDF /* MovieTrendingUITestsLaunchTests.swift */ = {isa = PBXFileReference; lastKnownFileType = sourcecode.swift; path = MovieTrendingUITestsLaunchTests.swift; sourceTree = "<group>"; };
		3634FED22B294BC00098DBDF /* MainViewController.swift */ = {isa = PBXFileReference; lastKnownFileType = sourcecode.swift; path = MainViewController.swift; sourceTree = "<group>"; };
		3634FED32B294BC00098DBDF /* MainViewController.xib */ = {isa = PBXFileReference; lastKnownFileType = file.xib; path = MainViewController.xib; sourceTree = "<group>"; };
		3634FEDE2B2955BE0098DBDF /* MainViewController+TableView.swift */ = {isa = PBXFileReference; lastKnownFileType = sourcecode.swift; path = "MainViewController+TableView.swift"; sourceTree = "<group>"; };
		3634FEE02B2956CC0098DBDF /* MainViewModel.swift */ = {isa = PBXFileReference; lastKnownFileType = sourcecode.swift; path = MainViewModel.swift; sourceTree = "<group>"; };
		3634FEE22B2960A70098DBDF /* NetworkConstant.swift */ = {isa = PBXFileReference; lastKnownFileType = sourcecode.swift; path = NetworkConstant.swift; sourceTree = "<group>"; };
		3634FEE42B2963B20098DBDF /* APICaller.swift */ = {isa = PBXFileReference; lastKnownFileType = sourcecode.swift; path = APICaller.swift; sourceTree = "<group>"; };
		3634FEE62B2963EA0098DBDF /* TrendingMoviesModel.swift */ = {isa = PBXFileReference; lastKnownFileType = sourcecode.swift; path = TrendingMoviesModel.swift; sourceTree = "<group>"; };
		3634FEE82B29831B0098DBDF /* Observable.swift */ = {isa = PBXFileReference; lastKnownFileType = sourcecode.swift; path = Observable.swift; sourceTree = "<group>"; };
		3634FEEB2B298CF90098DBDF /* MainMovieCell.swift */ = {isa = PBXFileReference; lastKnownFileType = sourcecode.swift; path = MainMovieCell.swift; sourceTree = "<group>"; };
		3634FEEC2B298CF90098DBDF /* MainMovieCell.xib */ = {isa = PBXFileReference; lastKnownFileType = file.xib; path = MainMovieCell.xib; sourceTree = "<group>"; };
		3634FEF02B2991310098DBDF /* UIViewExtension.swift */ = {isa = PBXFileReference; lastKnownFileType = sourcecode.swift; path = UIViewExtension.swift; sourceTree = "<group>"; };
		3634FEF22B29934E0098DBDF /* MovieTableCellViewModel.swift */ = {isa = PBXFileReference; lastKnownFileType = sourcecode.swift; path = MovieTableCellViewModel.swift; sourceTree = "<group>"; };
/* End PBXFileReference section */

/* Begin PBXFrameworksBuildPhase section */
		3634FE9B2B29481B0098DBDF /* Frameworks */ = {
			isa = PBXFrameworksBuildPhase;
			buildActionMask = 2147483647;
			files = (
			);
			runOnlyForDeploymentPostprocessing = 0;
		};
		3634FEB12B29481C0098DBDF /* Frameworks */ = {
			isa = PBXFrameworksBuildPhase;
			buildActionMask = 2147483647;
			files = (
			);
			runOnlyForDeploymentPostprocessing = 0;
		};
		3634FEBB2B29481C0098DBDF /* Frameworks */ = {
			isa = PBXFrameworksBuildPhase;
			buildActionMask = 2147483647;
			files = (
			);
			runOnlyForDeploymentPostprocessing = 0;
		};
/* End PBXFrameworksBuildPhase section */

/* Begin PBXGroup section */
		3634FE952B29481B0098DBDF = {
			isa = PBXGroup;
			children = (
				3634FEA02B29481B0098DBDF /* MovieTrending */,
				3634FEB72B29481C0098DBDF /* MovieTrendingTests */,
				3634FEC12B29481C0098DBDF /* MovieTrendingUITests */,
				3634FE9F2B29481B0098DBDF /* Products */,
			);
			sourceTree = "<group>";
		};
		3634FE9F2B29481B0098DBDF /* Products */ = {
			isa = PBXGroup;
			children = (
				3634FE9E2B29481B0098DBDF /* MovieTrending.app */,
				3634FEB42B29481C0098DBDF /* MovieTrendingTests.xctest */,
				3634FEBE2B29481C0098DBDF /* MovieTrendingUITests.xctest */,
			);
			name = Products;
			sourceTree = "<group>";
		};
		3634FEA02B29481B0098DBDF /* MovieTrending */ = {
			isa = PBXGroup;
			children = (
				3634FEDD2B2952DC0098DBDF /* Networking */,
				3634FEDC2B2952CF0098DBDF /* Extensions */,
				3634FEDB2B2952C10098DBDF /* Resources */,
				3634FED62B29526E0098DBDF /* Classes */,
				3634FED72B2952790098DBDF /* Model */,
				3634FEDA2B2952A70098DBDF /* Controllers */,
				3634FED82B29527F0098DBDF /* ViewModel */,
				3634FED92B29528E0098DBDF /* View */,
				3634FEA12B29481B0098DBDF /* AppDelegate.swift */,
				3634FEAF2B29481C0098DBDF /* Info.plist */,
			);
			path = MovieTrending;
			sourceTree = "<group>";
		};
		3634FEB72B29481C0098DBDF /* MovieTrendingTests */ = {
			isa = PBXGroup;
			children = (
				3634FEB82B29481C0098DBDF /* MovieTrendingTests.swift */,
			);
			path = MovieTrendingTests;
			sourceTree = "<group>";
		};
		3634FEC12B29481C0098DBDF /* MovieTrendingUITests */ = {
			isa = PBXGroup;
			children = (
				3634FEC22B29481C0098DBDF /* MovieTrendingUITests.swift */,
				3634FEC42B29481C0098DBDF /* MovieTrendingUITestsLaunchTests.swift */,
			);
			path = MovieTrendingUITests;
			sourceTree = "<group>";
		};
		3634FED12B294BA30098DBDF /* MainViewController */ = {
			isa = PBXGroup;
			children = (
				3634FED22B294BC00098DBDF /* MainViewController.swift */,
				3634FED32B294BC00098DBDF /* MainViewController.xib */,
				3634FEDE2B2955BE0098DBDF /* MainViewController+TableView.swift */,
			);
			path = MainViewController;
			sourceTree = "<group>";
		};
		3634FED62B29526E0098DBDF /* Classes */ = {
			isa = PBXGroup;
			children = (
				3634FEE82B29831B0098DBDF /* Observable.swift */,
			);
			path = Classes;
			sourceTree = "<group>";
		};
		3634FED72B2952790098DBDF /* Model */ = {
			isa = PBXGroup;
			children = (
				3634FEE62B2963EA0098DBDF /* TrendingMoviesModel.swift */,
			);
			path = Model;
			sourceTree = "<group>";
		};
		3634FED82B29527F0098DBDF /* ViewModel */ = {
			isa = PBXGroup;
			children = (
				3634FEE02B2956CC0098DBDF /* MainViewModel.swift */,
				3634FEF22B29934E0098DBDF /* MovieTableCellViewModel.swift */,
			);
			path = ViewModel;
			sourceTree = "<group>";
		};
		3634FED92B29528E0098DBDF /* View */ = {
			isa = PBXGroup;
			children = (
				3634FEEA2B298CC10098DBDF /* MainMovieCell */,
				3634FEAC2B29481C0098DBDF /* LaunchScreen.storyboard */,
			);
			path = View;
			sourceTree = "<group>";
		};
		3634FEDA2B2952A70098DBDF /* Controllers */ = {
			isa = PBXGroup;
			children = (
				3634FED12B294BA30098DBDF /* MainViewController */,
			);
			path = Controllers;
			sourceTree = "<group>";
		};
		3634FEDB2B2952C10098DBDF /* Resources */ = {
			isa = PBXGroup;
			children = (
				3634FEAA2B29481C0098DBDF /* Assets.xcassets */,
			);
			path = Resources;
			sourceTree = "<group>";
		};
		3634FEDC2B2952CF0098DBDF /* Extensions */ = {
			isa = PBXGroup;
			children = (
				3634FEF02B2991310098DBDF /* UIViewExtension.swift */,
			);
			path = Extensions;
			sourceTree = "<group>";
		};
		3634FEDD2B2952DC0098DBDF /* Networking */ = {
			isa = PBXGroup;
			children = (
				3634FEE22B2960A70098DBDF /* NetworkConstant.swift */,
				3634FEE42B2963B20098DBDF /* APICaller.swift */,
			);
			path = Networking;
			sourceTree = "<group>";
		};
		3634FEEA2B298CC10098DBDF /* MainMovieCell */ = {
			isa = PBXGroup;
			children = (
				3634FEEB2B298CF90098DBDF /* MainMovieCell.swift */,
				3634FEEC2B298CF90098DBDF /* MainMovieCell.xib */,
			);
			path = MainMovieCell;
			sourceTree = "<group>";
		};
/* End PBXGroup section */

/* Begin PBXNativeTarget section */
		3634FE9D2B29481B0098DBDF /* MovieTrending */ = {
			isa = PBXNativeTarget;
			buildConfigurationList = 3634FEC82B29481C0098DBDF /* Build configuration list for PBXNativeTarget "MovieTrending" */;
			buildPhases = (
				3634FE9A2B29481B0098DBDF /* Sources */,
				3634FE9B2B29481B0098DBDF /* Frameworks */,
				3634FE9C2B29481B0098DBDF /* Resources */,
			);
			buildRules = (
			);
			dependencies = (
			);
			name = MovieTrending;
			productName = MovieTrending;
			productReference = 3634FE9E2B29481B0098DBDF /* MovieTrending.app */;
			productType = "com.apple.product-type.application";
		};
		3634FEB32B29481C0098DBDF /* MovieTrendingTests */ = {
			isa = PBXNativeTarget;
			buildConfigurationList = 3634FECB2B29481C0098DBDF /* Build configuration list for PBXNativeTarget "MovieTrendingTests" */;
			buildPhases = (
				3634FEB02B29481C0098DBDF /* Sources */,
				3634FEB12B29481C0098DBDF /* Frameworks */,
				3634FEB22B29481C0098DBDF /* Resources */,
			);
			buildRules = (
			);
			dependencies = (
				3634FEB62B29481C0098DBDF /* PBXTargetDependency */,
			);
			name = MovieTrendingTests;
			productName = MovieTrendingTests;
			productReference = 3634FEB42B29481C0098DBDF /* MovieTrendingTests.xctest */;
			productType = "com.apple.product-type.bundle.unit-test";
		};
		3634FEBD2B29481C0098DBDF /* MovieTrendingUITests */ = {
			isa = PBXNativeTarget;
			buildConfigurationList = 3634FECE2B29481C0098DBDF /* Build configuration list for PBXNativeTarget "MovieTrendingUITests" */;
			buildPhases = (
				3634FEBA2B29481C0098DBDF /* Sources */,
				3634FEBB2B29481C0098DBDF /* Frameworks */,
				3634FEBC2B29481C0098DBDF /* Resources */,
			);
			buildRules = (
			);
			dependencies = (
				3634FEC02B29481C0098DBDF /* PBXTargetDependency */,
			);
			name = MovieTrendingUITests;
			productName = MovieTrendingUITests;
			productReference = 3634FEBE2B29481C0098DBDF /* MovieTrendingUITests.xctest */;
			productType = "com.apple.product-type.bundle.ui-testing";
		};
/* End PBXNativeTarget section */

/* Begin PBXProject section */
		3634FE962B29481B0098DBDF /* Project object */ = {
			isa = PBXProject;
			attributes = {
				BuildIndependentTargetsInParallel = 1;
				LastSwiftUpdateCheck = 1420;
				LastUpgradeCheck = 1420;
				TargetAttributes = {
					3634FE9D2B29481B0098DBDF = {
						CreatedOnToolsVersion = 14.2;
					};
					3634FEB32B29481C0098DBDF = {
						CreatedOnToolsVersion = 14.2;
						TestTargetID = 3634FE9D2B29481B0098DBDF;
					};
					3634FEBD2B29481C0098DBDF = {
						CreatedOnToolsVersion = 14.2;
						TestTargetID = 3634FE9D2B29481B0098DBDF;
					};
				};
			};
			buildConfigurationList = 3634FE992B29481B0098DBDF /* Build configuration list for PBXProject "MovieTrending" */;
			compatibilityVersion = "Xcode 14.0";
			developmentRegion = en;
			hasScannedForEncodings = 0;
			knownRegions = (
				en,
				Base,
			);
			mainGroup = 3634FE952B29481B0098DBDF;
			productRefGroup = 3634FE9F2B29481B0098DBDF /* Products */;
			projectDirPath = "";
			projectRoot = "";
			targets = (
				3634FE9D2B29481B0098DBDF /* MovieTrending */,
				3634FEB32B29481C0098DBDF /* MovieTrendingTests */,
				3634FEBD2B29481C0098DBDF /* MovieTrendingUITests */,
			);
		};
/* End PBXProject section */

/* Begin PBXResourcesBuildPhase section */
		3634FE9C2B29481B0098DBDF /* Resources */ = {
			isa = PBXResourcesBuildPhase;
			buildActionMask = 2147483647;
			files = (
				3634FEAE2B29481C0098DBDF /* LaunchScreen.storyboard in Resources */,
				3634FED52B294BC00098DBDF /* MainViewController.xib in Resources */,
				3634FEAB2B29481C0098DBDF /* Assets.xcassets in Resources */,
				3634FEEE2B298CF90098DBDF /* MainMovieCell.xib in Resources */,
			);
			runOnlyForDeploymentPostprocessing = 0;
		};
		3634FEB22B29481C0098DBDF /* Resources */ = {
			isa = PBXResourcesBuildPhase;
			buildActionMask = 2147483647;
			files = (
			);
			runOnlyForDeploymentPostprocessing = 0;
		};
		3634FEBC2B29481C0098DBDF /* Resources */ = {
			isa = PBXResourcesBuildPhase;
			buildActionMask = 2147483647;
			files = (
			);
			runOnlyForDeploymentPostprocessing = 0;
		};
/* End PBXResourcesBuildPhase section */

/* Begin PBXSourcesBuildPhase section */
		3634FE9A2B29481B0098DBDF /* Sources */ = {
			isa = PBXSourcesBuildPhase;
			buildActionMask = 2147483647;
			files = (
				3634FEF12B2991310098DBDF /* UIViewExtension.swift in Sources */,
				3634FEE92B29831B0098DBDF /* Observable.swift in Sources */,
				3634FEED2B298CF90098DBDF /* MainMovieCell.swift in Sources */,
				3634FEE72B2963EA0098DBDF /* TrendingMoviesModel.swift in Sources */,
				3634FEA22B29481B0098DBDF /* AppDelegate.swift in Sources */,
				3634FEE52B2963B20098DBDF /* APICaller.swift in Sources */,
				3634FEDF2B2955BE0098DBDF /* MainViewController+TableView.swift in Sources */,
				3634FEF32B29934E0098DBDF /* MovieTableCellViewModel.swift in Sources */,
				3634FED42B294BC00098DBDF /* MainViewController.swift in Sources */,
				3634FEE32B2960A70098DBDF /* NetworkConstant.swift in Sources */,
				3634FEE12B2956CC0098DBDF /* MainViewModel.swift in Sources */,
			);
			runOnlyForDeploymentPostprocessing = 0;
		};
		3634FEB02B29481C0098DBDF /* Sources */ = {
			isa = PBXSourcesBuildPhase;
			buildActionMask = 2147483647;
			files = (
				3634FEB92B29481C0098DBDF /* MovieTrendingTests.swift in Sources */,
			);
			runOnlyForDeploymentPostprocessing = 0;
		};
		3634FEBA2B29481C0098DBDF /* Sources */ = {
			isa = PBXSourcesBuildPhase;
			buildActionMask = 2147483647;
			files = (
				3634FEC52B29481C0098DBDF /* MovieTrendingUITestsLaunchTests.swift in Sources */,
				3634FEC32B29481C0098DBDF /* MovieTrendingUITests.swift in Sources */,
			);
			runOnlyForDeploymentPostprocessing = 0;
		};
/* End PBXSourcesBuildPhase section */

/* Begin PBXTargetDependency section */
		3634FEB62B29481C0098DBDF /* PBXTargetDependency */ = {
			isa = PBXTargetDependency;
			target = 3634FE9D2B29481B0098DBDF /* MovieTrending */;
			targetProxy = 3634FEB52B29481C0098DBDF /* PBXContainerItemProxy */;
		};
		3634FEC02B29481C0098DBDF /* PBXTargetDependency */ = {
			isa = PBXTargetDependency;
			target = 3634FE9D2B29481B0098DBDF /* MovieTrending */;
			targetProxy = 3634FEBF2B29481C0098DBDF /* PBXContainerItemProxy */;
		};
/* End PBXTargetDependency section */

/* Begin PBXVariantGroup section */
		3634FEAC2B29481C0098DBDF /* LaunchScreen.storyboard */ = {
			isa = PBXVariantGroup;
			children = (
				3634FEAD2B29481C0098DBDF /* Base */,
			);
			name = LaunchScreen.storyboard;
			sourceTree = "<group>";
		};
/* End PBXVariantGroup section */

/* Begin XCBuildConfiguration section */
		3634FEC62B29481C0098DBDF /* Debug */ = {
			isa = XCBuildConfiguration;
			buildSettings = {
				ALWAYS_SEARCH_USER_PATHS = NO;
				CLANG_ANALYZER_NONNULL = YES;
				CLANG_ANALYZER_NUMBER_OBJECT_CONVERSION = YES_AGGRESSIVE;
				CLANG_CXX_LANGUAGE_STANDARD = "gnu++20";
				CLANG_ENABLE_MODULES = YES;
				CLANG_ENABLE_OBJC_ARC = YES;
				CLANG_ENABLE_OBJC_WEAK = YES;
				CLANG_WARN_BLOCK_CAPTURE_AUTORELEASING = YES;
				CLANG_WARN_BOOL_CONVERSION = YES;
				CLANG_WARN_COMMA = YES;
				CLANG_WARN_CONSTANT_CONVERSION = YES;
				CLANG_WARN_DEPRECATED_OBJC_IMPLEMENTATIONS = YES;
				CLANG_WARN_DIRECT_OBJC_ISA_USAGE = YES_ERROR;
				CLANG_WARN_DOCUMENTATION_COMMENTS = YES;
				CLANG_WARN_EMPTY_BODY = YES;
				CLANG_WARN_ENUM_CONVERSION = YES;
				CLANG_WARN_INFINITE_RECURSION = YES;
				CLANG_WARN_INT_CONVERSION = YES;
				CLANG_WARN_NON_LITERAL_NULL_CONVERSION = YES;
				CLANG_WARN_OBJC_IMPLICIT_RETAIN_SELF = YES;
				CLANG_WARN_OBJC_LITERAL_CONVERSION = YES;
				CLANG_WARN_OBJC_ROOT_CLASS = YES_ERROR;
				CLANG_WARN_QUOTED_INCLUDE_IN_FRAMEWORK_HEADER = YES;
				CLANG_WARN_RANGE_LOOP_ANALYSIS = YES;
				CLANG_WARN_STRICT_PROTOTYPES = YES;
				CLANG_WARN_SUSPICIOUS_MOVE = YES;
				CLANG_WARN_UNGUARDED_AVAILABILITY = YES_AGGRESSIVE;
				CLANG_WARN_UNREACHABLE_CODE = YES;
				CLANG_WARN__DUPLICATE_METHOD_MATCH = YES;
				COPY_PHASE_STRIP = NO;
				DEBUG_INFORMATION_FORMAT = dwarf;
				ENABLE_STRICT_OBJC_MSGSEND = YES;
				ENABLE_TESTABILITY = YES;
				GCC_C_LANGUAGE_STANDARD = gnu11;
				GCC_DYNAMIC_NO_PIC = NO;
				GCC_NO_COMMON_BLOCKS = YES;
				GCC_OPTIMIZATION_LEVEL = 0;
				GCC_PREPROCESSOR_DEFINITIONS = (
					"DEBUG=1",
					"$(inherited)",
				);
				GCC_WARN_64_TO_32_BIT_CONVERSION = YES;
				GCC_WARN_ABOUT_RETURN_TYPE = YES_ERROR;
				GCC_WARN_UNDECLARED_SELECTOR = YES;
				GCC_WARN_UNINITIALIZED_AUTOS = YES_AGGRESSIVE;
				GCC_WARN_UNUSED_FUNCTION = YES;
				GCC_WARN_UNUSED_VARIABLE = YES;
				IPHONEOS_DEPLOYMENT_TARGET = 16.2;
				MTL_ENABLE_DEBUG_INFO = INCLUDE_SOURCE;
				MTL_FAST_MATH = YES;
				ONLY_ACTIVE_ARCH = YES;
				SDKROOT = iphoneos;
				SWIFT_ACTIVE_COMPILATION_CONDITIONS = DEBUG;
				SWIFT_OPTIMIZATION_LEVEL = "-Onone";
			};
			name = Debug;
		};
		3634FEC72B29481C0098DBDF /* Release */ = {
			isa = XCBuildConfiguration;
			buildSettings = {
				ALWAYS_SEARCH_USER_PATHS = NO;
				CLANG_ANALYZER_NONNULL = YES;
				CLANG_ANALYZER_NUMBER_OBJECT_CONVERSION = YES_AGGRESSIVE;
				CLANG_CXX_LANGUAGE_STANDARD = "gnu++20";
				CLANG_ENABLE_MODULES = YES;
				CLANG_ENABLE_OBJC_ARC = YES;
				CLANG_ENABLE_OBJC_WEAK = YES;
				CLANG_WARN_BLOCK_CAPTURE_AUTORELEASING = YES;
				CLANG_WARN_BOOL_CONVERSION = YES;
				CLANG_WARN_COMMA = YES;
				CLANG_WARN_CONSTANT_CONVERSION = YES;
				CLANG_WARN_DEPRECATED_OBJC_IMPLEMENTATIONS = YES;
				CLANG_WARN_DIRECT_OBJC_ISA_USAGE = YES_ERROR;
				CLANG_WARN_DOCUMENTATION_COMMENTS = YES;
				CLANG_WARN_EMPTY_BODY = YES;
				CLANG_WARN_ENUM_CONVERSION = YES;
				CLANG_WARN_INFINITE_RECURSION = YES;
				CLANG_WARN_INT_CONVERSION = YES;
				CLANG_WARN_NON_LITERAL_NULL_CONVERSION = YES;
				CLANG_WARN_OBJC_IMPLICIT_RETAIN_SELF = YES;
				CLANG_WARN_OBJC_LITERAL_CONVERSION = YES;
				CLANG_WARN_OBJC_ROOT_CLASS = YES_ERROR;
				CLANG_WARN_QUOTED_INCLUDE_IN_FRAMEWORK_HEADER = YES;
				CLANG_WARN_RANGE_LOOP_ANALYSIS = YES;
				CLANG_WARN_STRICT_PROTOTYPES = YES;
				CLANG_WARN_SUSPICIOUS_MOVE = YES;
				CLANG_WARN_UNGUARDED_AVAILABILITY = YES_AGGRESSIVE;
				CLANG_WARN_UNREACHABLE_CODE = YES;
				CLANG_WARN__DUPLICATE_METHOD_MATCH = YES;
				COPY_PHASE_STRIP = NO;
				DEBUG_INFORMATION_FORMAT = "dwarf-with-dsym";
				ENABLE_NS_ASSERTIONS = NO;
				ENABLE_STRICT_OBJC_MSGSEND = YES;
				GCC_C_LANGUAGE_STANDARD = gnu11;
				GCC_NO_COMMON_BLOCKS = YES;
				GCC_WARN_64_TO_32_BIT_CONVERSION = YES;
				GCC_WARN_ABOUT_RETURN_TYPE = YES_ERROR;
				GCC_WARN_UNDECLARED_SELECTOR = YES;
				GCC_WARN_UNINITIALIZED_AUTOS = YES_AGGRESSIVE;
				GCC_WARN_UNUSED_FUNCTION = YES;
				GCC_WARN_UNUSED_VARIABLE = YES;
				IPHONEOS_DEPLOYMENT_TARGET = 16.2;
				MTL_ENABLE_DEBUG_INFO = NO;
				MTL_FAST_MATH = YES;
				SDKROOT = iphoneos;
				SWIFT_COMPILATION_MODE = wholemodule;
				SWIFT_OPTIMIZATION_LEVEL = "-O";
				VALIDATE_PRODUCT = YES;
			};
			name = Release;
		};
		3634FEC92B29481C0098DBDF /* Debug */ = {
			isa = XCBuildConfiguration;
			buildSettings = {
				ASSETCATALOG_COMPILER_APPICON_NAME = AppIcon;
				ASSETCATALOG_COMPILER_GLOBAL_ACCENT_COLOR_NAME = AccentColor;
				CODE_SIGN_STYLE = Automatic;
				CURRENT_PROJECT_VERSION = 1;
				GENERATE_INFOPLIST_FILE = YES;
				INFOPLIST_FILE = MovieTrending/Info.plist;
				INFOPLIST_KEY_UIApplicationSupportsIndirectInputEvents = YES;
				INFOPLIST_KEY_UILaunchStoryboardName = LaunchScreen;
				INFOPLIST_KEY_UISupportedInterfaceOrientations = UIInterfaceOrientationPortrait;
				INFOPLIST_KEY_UISupportedInterfaceOrientations_iPad = "UIInterfaceOrientationLandscapeLeft UIInterfaceOrientationLandscapeRight UIInterfaceOrientationPortrait UIInterfaceOrientationPortraitUpsideDown";
				LD_RUNPATH_SEARCH_PATHS = (
					"$(inherited)",
					"@executable_path/Frameworks",
				);
				MARKETING_VERSION = 1.0;
				PRODUCT_BUNDLE_IDENTIFIER = Clone.MovieTrending;
				PRODUCT_NAME = "$(TARGET_NAME)";
				SUPPORTED_PLATFORMS = "iphoneos iphonesimulator";
				SUPPORTS_MACCATALYST = NO;
				SUPPORTS_MAC_DESIGNED_FOR_IPHONE_IPAD = NO;
				SWIFT_EMIT_LOC_STRINGS = YES;
				SWIFT_VERSION = 5.0;
				TARGETED_DEVICE_FAMILY = 1;
			};
			name = Debug;
		};
		3634FECA2B29481C0098DBDF /* Release */ = {
			isa = XCBuildConfiguration;
			buildSettings = {
				ASSETCATALOG_COMPILER_APPICON_NAME = AppIcon;
				ASSETCATALOG_COMPILER_GLOBAL_ACCENT_COLOR_NAME = AccentColor;
				CODE_SIGN_STYLE = Automatic;
				CURRENT_PROJECT_VERSION = 1;
				GENERATE_INFOPLIST_FILE = YES;
				INFOPLIST_FILE = MovieTrending/Info.plist;
				INFOPLIST_KEY_UIApplicationSupportsIndirectInputEvents = YES;
				INFOPLIST_KEY_UILaunchStoryboardName = LaunchScreen;
				INFOPLIST_KEY_UISupportedInterfaceOrientations = UIInterfaceOrientationPortrait;
				INFOPLIST_KEY_UISupportedInterfaceOrientations_iPad = "UIInterfaceOrientationLandscapeLeft UIInterfaceOrientationLandscapeRight UIInterfaceOrientationPortrait UIInterfaceOrientationPortraitUpsideDown";
				LD_RUNPATH_SEARCH_PATHS = (
					"$(inherited)",
					"@executable_path/Frameworks",
				);
				MARKETING_VERSION = 1.0;
				PRODUCT_BUNDLE_IDENTIFIER = Clone.MovieTrending;
				PRODUCT_NAME = "$(TARGET_NAME)";
				SUPPORTED_PLATFORMS = "iphoneos iphonesimulator";
				SUPPORTS_MACCATALYST = NO;
				SUPPORTS_MAC_DESIGNED_FOR_IPHONE_IPAD = NO;
				SWIFT_EMIT_LOC_STRINGS = YES;
				SWIFT_VERSION = 5.0;
				TARGETED_DEVICE_FAMILY = 1;
			};
			name = Release;
		};
		3634FECC2B29481C0098DBDF /* Debug */ = {
			isa = XCBuildConfiguration;
			buildSettings = {
				ALWAYS_EMBED_SWIFT_STANDARD_LIBRARIES = YES;
				BUNDLE_LOADER = "$(TEST_HOST)";
				CODE_SIGN_STYLE = Automatic;
				CURRENT_PROJECT_VERSION = 1;
				GENERATE_INFOPLIST_FILE = YES;
				IPHONEOS_DEPLOYMENT_TARGET = 16.2;
				MARKETING_VERSION = 1.0;
				PRODUCT_BUNDLE_IDENTIFIER = Clone.MovieTrendingTests;
				PRODUCT_NAME = "$(TARGET_NAME)";
				SWIFT_EMIT_LOC_STRINGS = NO;
				SWIFT_VERSION = 5.0;
				TARGETED_DEVICE_FAMILY = "1,2";
				TEST_HOST = "$(BUILT_PRODUCTS_DIR)/MovieTrending.app/$(BUNDLE_EXECUTABLE_FOLDER_PATH)/MovieTrending";
			};
			name = Debug;
		};
		3634FECD2B29481C0098DBDF /* Release */ = {
			isa = XCBuildConfiguration;
			buildSettings = {
				ALWAYS_EMBED_SWIFT_STANDARD_LIBRARIES = YES;
				BUNDLE_LOADER = "$(TEST_HOST)";
				CODE_SIGN_STYLE = Automatic;
				CURRENT_PROJECT_VERSION = 1;
				GENERATE_INFOPLIST_FILE = YES;
				IPHONEOS_DEPLOYMENT_TARGET = 16.2;
				MARKETING_VERSION = 1.0;
				PRODUCT_BUNDLE_IDENTIFIER = Clone.MovieTrendingTests;
				PRODUCT_NAME = "$(TARGET_NAME)";
				SWIFT_EMIT_LOC_STRINGS = NO;
				SWIFT_VERSION = 5.0;
				TARGETED_DEVICE_FAMILY = "1,2";
				TEST_HOST = "$(BUILT_PRODUCTS_DIR)/MovieTrending.app/$(BUNDLE_EXECUTABLE_FOLDER_PATH)/MovieTrending";
			};
			name = Release;
		};
		3634FECF2B29481C0098DBDF /* Debug */ = {
			isa = XCBuildConfiguration;
			buildSettings = {
				ALWAYS_EMBED_SWIFT_STANDARD_LIBRARIES = YES;
				CODE_SIGN_STYLE = Automatic;
				CURRENT_PROJECT_VERSION = 1;
				GENERATE_INFOPLIST_FILE = YES;
				MARKETING_VERSION = 1.0;
				PRODUCT_BUNDLE_IDENTIFIER = Clone.MovieTrendingUITests;
				PRODUCT_NAME = "$(TARGET_NAME)";
				SWIFT_EMIT_LOC_STRINGS = NO;
				SWIFT_VERSION = 5.0;
				TARGETED_DEVICE_FAMILY = "1,2";
				TEST_TARGET_NAME = MovieTrending;
			};
			name = Debug;
		};
		3634FED02B29481C0098DBDF /* Release */ = {
			isa = XCBuildConfiguration;
			buildSettings = {
				ALWAYS_EMBED_SWIFT_STANDARD_LIBRARIES = YES;
				CODE_SIGN_STYLE = Automatic;
				CURRENT_PROJECT_VERSION = 1;
				GENERATE_INFOPLIST_FILE = YES;
				MARKETING_VERSION = 1.0;
				PRODUCT_BUNDLE_IDENTIFIER = Clone.MovieTrendingUITests;
				PRODUCT_NAME = "$(TARGET_NAME)";
				SWIFT_EMIT_LOC_STRINGS = NO;
				SWIFT_VERSION = 5.0;
				TARGETED_DEVICE_FAMILY = "1,2";
				TEST_TARGET_NAME = MovieTrending;
			};
			name = Release;
		};
/* End XCBuildConfiguration section */

/* Begin XCConfigurationList section */
		3634FE992B29481B0098DBDF /* Build configuration list for PBXProject "MovieTrending" */ = {
			isa = XCConfigurationList;
			buildConfigurations = (
				3634FEC62B29481C0098DBDF /* Debug */,
				3634FEC72B29481C0098DBDF /* Release */,
			);
			defaultConfigurationIsVisible = 0;
			defaultConfigurationName = Release;
		};
		3634FEC82B29481C0098DBDF /* Build configuration list for PBXNativeTarget "MovieTrending" */ = {
			isa = XCConfigurationList;
			buildConfigurations = (
				3634FEC92B29481C0098DBDF /* Debug */,
				3634FECA2B29481C0098DBDF /* Release */,
			);
			defaultConfigurationIsVisible = 0;
			defaultConfigurationName = Release;
		};
		3634FECB2B29481C0098DBDF /* Build configuration list for PBXNativeTarget "MovieTrendingTests" */ = {
			isa = XCConfigurationList;
			buildConfigurations = (
				3634FECC2B29481C0098DBDF /* Debug */,
				3634FECD2B29481C0098DBDF /* Release */,
			);
			defaultConfigurationIsVisible = 0;
			defaultConfigurationName = Release;
		};
		3634FECE2B29481C0098DBDF /* Build configuration list for PBXNativeTarget "MovieTrendingUITests" */ = {
			isa = XCConfigurationList;
			buildConfigurations = (
				3634FECF2B29481C0098DBDF /* Debug */,
				3634FED02B29481C0098DBDF /* Release */,
			);
			defaultConfigurationIsVisible = 0;
			defaultConfigurationName = Release;
		};
/* End XCConfigurationList section */
	};
	rootObject = 3634FE962B29481B0098DBDF /* Project object */;
}
